PODS:
  - FileMD5Hash (2.0.0)
  - JHDownloadManager (0.1.0):
    - FileMD5Hash (~> 2.0.0)
    - ReachabilitySwift (~> 2.3.3)
  - Nimble (3.0.0)
  - Quick (0.8.0)
  - ReachabilitySwift (2.3.3)

DEPENDENCIES:
  - JHDownloadManager (from `../`)
  - Nimble (= 3.0.0)
  - Quick (~> 0.8.0)

EXTERNAL SOURCES:
  JHDownloadManager:
    :path: "../"

SPEC CHECKSUMS:
  FileMD5Hash: 3ed69cc19a21ff4d30ae8833fc104275ad2c7de0
  JHDownloadManager: 8db499bb5d226b8f642993a9608f3ae9dd0770f6
  Nimble: 4c353d43735b38b545cbb4cb91504588eb5de926
  Quick: 563d0f6ec5f72e394645adb377708639b7dd38ab
  ReachabilitySwift: e0f6b6f280effb47731acfaaa2d5ffe223703793

COCOAPODS: 0.39.0
